
Microsoft Visual Studio Solution File, Format Version 12.00
# Visual Studio Version 17
VisualStudioVersion = 17.2.32616.157
MinimumVisualStudioVersion = 10.0.40219.1
Project("{9A19103F-16F7-4668-BE54-9A1E7A4F7556}") = "GrpcGreeter", "GrpcGreeter\GrpcGreeter.csproj", "{C26E8AE6-31E4-4AC6-A1FA-B4D56A25EF8E}"
EndProject
Project("{9A19103F-16F7-4668-BE54-9A1E7A4F7556}") = "GrpcClient", "GrpcClient\GrpcClient.csproj", "{F58217A4-BBCC-4E31-843F-18B92F822803}"
EndProject
Global
	GlobalSection(SolutionConfigurationPlatforms) = preSolution
		Debug|Any CPU = Debug|Any CPU
		Release|Any CPU = Release|Any CPU
	EndGlobalSection
	GlobalSection(ProjectConfigurationPlatforms) = postSolution
		{C26E8AE6-31E4-4AC6-A1FA-B4D56A25EF8E}.Debug|Any CPU.ActiveCfg = Debug|Any CPU
		{C26E8AE6-31E4-4AC6-A1FA-B4D56A25EF8E}.Debug|Any CPU.Build.0 = Debug|Any CPU
		{C26E8AE6-31E4-4AC6-A1FA-B4D56A25EF8E}.Release|Any CPU.ActiveCfg = Release|Any CPU
		{C26E8AE6-31E4-4AC6-A1FA-B4D56A25EF8E}.Release|Any CPU.Build.0 = Release|Any CPU
		{F58217A4-BBCC-4E31-843F-18B92F822803}.Debug|Any CPU.ActiveCfg = Debug|Any CPU
		{F58217A4-BBCC-4E31-843F-18B92F822803}.Debug|Any CPU.Build.0 = Debug|Any CPU
		{F58217A4-BBCC-4E31-843F-18B92F822803}.Release|Any CPU.ActiveCfg = Release|Any CPU
		{F58217A4-BBCC-4E31-843F-18B92F822803}.Release|Any CPU.Build.0 = Release|Any CPU
	EndGlobalSection
	GlobalSection(SolutionProperties) = preSolution
		HideSolutionNode = FALSE
	EndGlobalSection
	GlobalSection(ExtensibilityGlobals) = postSolution
		SolutionGuid = {4E2928E3-BACB-4E86-BE03-73AB6D6147A9}
	EndGlobalSection
EndGlobal
