
Microsoft Visual Studio Solution File, Format Version 12.00
# Visual Studio Version 17
VisualStudioVersion = 17.0.31903.59
MinimumVisualStudioVersion = 10.0.40219.1
Project("{FAE04EC0-301F-11D3-BF4B-00C04F79EFBC}") = "Grpc.Client", "Grpc.Client\Grpc.Client.csproj", "{80FCB5D8-F827-46A0-8339-74CE0152B462}"
EndProject
Project("{FAE04EC0-301F-11D3-BF4B-00C04F79EFBC}") = "Grpc.Server", "Grpc.Server\Grpc.Server.csproj", "{745C5635-3655-476C-B4B2-7742757181C2}"
EndProject
Global
	GlobalSection(SolutionConfigurationPlatforms) = preSolution
		Debug|Any CPU = Debug|Any CPU
		Release|Any CPU = Release|Any CPU
	EndGlobalSection
	GlobalSection(SolutionProperties) = preSolution
		HideSolutionNode = FALSE
	EndGlobalSection
	GlobalSection(ProjectConfigurationPlatforms) = postSolution
		{80FCB5D8-F827-46A0-8339-74CE0152B462}.Debug|Any CPU.ActiveCfg = Debug|Any CPU
		{80FCB5D8-F827-46A0-8339-74CE0152B462}.Debug|Any CPU.Build.0 = Debug|Any CPU
		{80FCB5D8-F827-46A0-8339-74CE0152B462}.Release|Any CPU.ActiveCfg = Release|Any CPU
		{80FCB5D8-F827-46A0-8339-74CE0152B462}.Release|Any CPU.Build.0 = Release|Any CPU
		{745C5635-3655-476C-B4B2-7742757181C2}.Debug|Any CPU.ActiveCfg = Debug|Any CPU
		{745C5635-3655-476C-B4B2-7742757181C2}.Debug|Any CPU.Build.0 = Debug|Any CPU
		{745C5635-3655-476C-B4B2-7742757181C2}.Release|Any CPU.ActiveCfg = Release|Any CPU
		{745C5635-3655-476C-B4B2-7742757181C2}.Release|Any CPU.Build.0 = Release|Any CPU
	EndGlobalSection
EndGlobal
